{
  "object": {
    "pins": [
      {
        "package": "DeviceKit",
        "repositoryURL": "https://github.com/devicekit/DeviceKit.git",
        "state": {
          "branch": null,
          "revision": "4691cd16d6d56d94b8fac529d5abd0fd2d07daba",
          "version": "4.1.0"
        }
      },
      {
        "package": "PinLayout",
        "repositoryURL": "https://github.com/layoutBox/PinLayout.git",
        "state": {
          "branch": null,
          "revision": "0a0a65290cc52ba2410475d4388420f76a63eff9",
          "version": "1.9.2"
        }
      }
    ]
  },
  "version": 1
}
